#MicroXplorer Configuration settings - do not modify
Mcu.Family=STM32F0
NVIC.SysTick_IRQn=true\:0\:0\:false\:false\:true\:false\:true
ProjectManager.LastFirmware=true
ProjectManager.MainLocation=Core/Src
NVIC.TIM3_IRQn=true\:0\:0\:false\:false\:true\:false\:true
TIM15.Period=99
ProjectManager.FirmwarePackage=STM32Cube FW_F0 V1.11.2
MxDb.Version=DB.6.0.21
ProjectManager.ProjectFileName=f0radio.ioc
PA2.PinState=GPIO_PIN_SET
ProjectManager.BackupPrevious=false
MxCube.Version=6.2.1
VP_SYS_VS_tim3.Signal=SYS_VS_tim3
ProjectManager.KeepUserCode=true
Mcu.UserName=STM32F030C8Tx
Mcu.PinsNb=6
ProjectManager.NoMain=false
PB1.GPIO_Label=RECEIVE
File.Version=6
PB3.GPIOParameters=GPIO_Speed,PinState,GPIO_Label
RCC.PLLCLKFreq_Value=8000000
NVIC.NonMaskableInt_IRQn=true\:0\:0\:false\:false\:true\:false\:false
NVIC.PendSV_IRQn=true\:0\:0\:false\:false\:true\:false\:false
ProjectManager.functionlistsort=1-MX_GPIO_Init-GPIO-false-HAL-true,2-SystemClock_Config-RCC-false-HAL-false,3-MX_TIM15_Init-TIM15-false-HAL-true
ProjectManager.FreePins=false
RCC.IPParameters=FamilyName,PLLCLKFreq_Value,PLLMCOFreq_Value,TimSysFreq_Value
ProjectManager.DefaultFWLocation=true
VP_TIM15_VS_ClockSourceINT.Signal=TIM15_VS_ClockSourceINT
ProjectManager.AskForMigrate=true
Mcu.Name=STM32F030C8Tx
PB2.PinState=GPIO_PIN_SET
ProjectManager.HalAssertFull=false
NVIC.SVC_IRQn=true\:0\:0\:false\:false\:true\:false\:false
ProjectManager.DeletePrevious=true
PA2.Signal=GPIO_Output
ProjectManager.ProjectName=f0radio
ProjectManager.UnderRoot=true
PB2.Locked=true
RCC.PLLMCOFreq_Value=4000000
ProjectManager.CoupleFile=false
PB3.Signal=GPIO_Output
PA2.GPIOParameters=PinState,GPIO_Label
PinOutPanel.RotationAngle=0
Mcu.Package=LQFP48
PB3.GPIO_Speed=GPIO_SPEED_FREQ_HIGH
PB1.Signal=GPIO_Input
RCC.FamilyName=M
RCC.TimSysFreq_Value=8000000
ProjectManager.StackSize=0x400
NVIC.TimeBase=TIM3_IRQn
NVIC.ForceEnableDMAVector=true
KeepUserPlacement=false
ProjectManager.CompilerOptimize=6
Mcu.IP2=SYS
ProjectManager.ToolChainLocation=
PA2.GPIO_Label=LED_RED
Mcu.IP3=TIM15
Mcu.IP0=NVIC
VP_TIM15_VS_ClockSourceINT.Mode=Internal
NVIC.TimeBaseIP=TIM3
Mcu.IP1=RCC
VP_SYS_VS_tim3.Mode=TIM3
PB2.GPIO_Label=LED_GREEN
ProjectManager.HeapSize=0x200
NVIC.HardFault_IRQn=true\:0\:0\:false\:false\:true\:false\:false
Mcu.UserConstants=
ProjectManager.TargetToolchain=STM32CubeIDE
ProjectManager.ComputerToolchain=false
TIM15.Prescaler=48000
PB3.PinState=GPIO_PIN_SET
Mcu.ThirdPartyNb=0
Mcu.IPNb=4
ProjectManager.PreviousToolchain=
PB2.GPIOParameters=PinState,GPIO_Label
ProjectManager.RegisterCallBack=
TIM15.IPParameters=Prescaler,Period
NVIC.TIM15_IRQn=true\:0\:0\:false\:false\:true\:true\:true
Mcu.Pin0=PA2
PB1.Locked=true
Mcu.Pin1=PB1
GPIO.groupedBy=Group By Peripherals
Mcu.Pin2=PB2
ProjectManager.CustomerFirmwarePackage=
Mcu.Pin3=PB3
ProjectManager.DeviceId=STM32F030C8Tx
Mcu.Pin4=VP_SYS_VS_tim3
Mcu.Pin5=VP_TIM15_VS_ClockSourceINT
ProjectManager.LibraryCopy=1
ProjectManager.ProjectBuild=false
PB3.Locked=true
PB1.GPIOParameters=GPIO_Label
PB2.Signal=GPIO_Output
board=custom
PB3.GPIO_Label=SEND
PA2.Locked=true
isbadioc=false
