#MicroXplorer Configuration settings - do not modify
Mcu.Family=STM32F0
ProjectManager.MainLocation=Core/Src
RCC.MCOFreq_Value=48000000
PCC.Series=STM32F0
RCC.USART1Freq_Value=48000000
ProjectManager.KeepUserCode=true
Mcu.UserName=STM32F030C8Tx
PCC.Seq0.Step0.CPU_Frequency=24 MHz
USART1.BaudRate=115200
PCC.Seq0.Step0.User's_Consumption=0 mA
RCC.PLLCLKFreq_Value=48000000
PA14.GPIO_Label=SWD_CLOCK
PB2.GPIO_Speed=GPIO_SPEED_FREQ_HIGH
ProjectManager.functionlistsort=1-MX_GPIO_Init-GPIO-false-HAL-true,2-SystemClock_Config-RCC-false-HAL-false,3-MX_I2C1_Init-I2C1-false-HAL-true,4-MX_USART1_UART_Init-USART1-false-HAL-true,5-MX_RTC_Init-RTC-false-HAL-true,6-MX_TIM15_Init-TIM15-false-HAL-true,7-MX_TIM16_Init-TIM16-false-HAL-true
PA9.GPIOParameters=GPIO_Label
PA2.GPIO_Speed=GPIO_SPEED_FREQ_HIGH
VP_RTC_VS_RTC_Activate.Mode=RTC_Enabled
PB6.GPIO_Label=I2C_CLOCK
VP_RTC_VS_RTC_Calendar.Signal=RTC_VS_RTC_Calendar
NVIC.SVC_IRQn=true\:0\:0\:false\:false\:true\:false\:false
USART1.IPParameters=VirtualMode-Asynchronous,BaudRate
PCC.Seq0.Step1.Duration=0 ms
PA2.GPIOParameters=GPIO_Speed,GPIO_Label
PinOutPanel.RotationAngle=0
RCC.SYSCLKSource=RCC_SYSCLKSOURCE_PLLCLK
ProjectManager.StackSize=0x400
Mcu.IP4=SYS
RCC.FCLKCortexFreq_Value=48000000
Mcu.IP5=TIM15
I2C1.IPParameters=Timing
Mcu.IP2=RCC
PCC.Seq0.Step1.Oscillator=Regulator_LP
Mcu.IP3=RTC
Mcu.IP0=I2C1
Mcu.IP1=NVIC
PCC.PartNumber=STM32F030C8Tx
Mcu.UserConstants=
TIM15.Prescaler=480
Mcu.ThirdPartyNb=0
RCC.HCLKFreq_Value=48000000
Mcu.IPNb=8
ProjectManager.PreviousToolchain=
PB6.Signal=I2C1_SCL
PCC.Seq0.Step1.TaMax=105
PB6.Mode=I2C
Mcu.Pin6=PA14
Mcu.Pin7=PB3
Mcu.Pin8=PB6
Mcu.Pin9=PB7
PCC.Seq0.Step1.Category=In DS Table
RCC.AHBFreq_Value=48000000
Mcu.Pin0=PA2
Mcu.Pin1=PB1
GPIO.groupedBy=Group By Peripherals
Mcu.Pin2=PB2
Mcu.Pin3=PA9
Mcu.Pin4=PA10
Mcu.Pin5=PA13
ProjectManager.ProjectBuild=false
PCC.Seq0.Step1.Vdd=3.6
PB2.Signal=GPIO_Output
PCC.Seq0.Step0.Voltage_Source=Battery
PCC.Seq0.Step0.DMIPS=0.0
NVIC.SysTick_IRQn=true\:0\:0\:false\:false\:true\:false\:true
RCC.PLLMUL=RCC_PLL_MUL12
TIM15.Period=99
ProjectManager.FirmwarePackage=STM32Cube FW_F0 V1.11.2
MxDb.Version=DB.6.0.21
ProjectManager.BackupPrevious=true
PA14.Mode=Serial_Wire
PB1.GPIO_Label=RADIO_RECEIVE
File.Version=6
PA10.GPIO_Label=USART_RX
PB3.GPIOParameters=GPIO_Label
PB7.Signal=I2C1_SDA
NVIC.PendSV_IRQn=true\:0\:0\:false\:false\:true\:false\:false
VP_TIM15_VS_ClockSourceINT.Signal=TIM15_VS_ClockSourceINT
PB6.GPIOParameters=GPIO_Label
ProjectManager.HalAssertFull=false
ProjectManager.ProjectName=F0
PA13.GPIOParameters=GPIO_Label
RCC.PLLMCOFreq_Value=24000000
PB7.GPIO_Label=I2C_DATA
PCC.Seq0.Step0.Oscillator=HSI PLL All IPs ON
Mcu.Package=LQFP48
PB1.Signal=GPIO_Input
ProjectManager.ToolChainLocation=
PA2.GPIO_Label=LED_RED
PCC.Seq0.Step1.Average_Current=7.9 \u00B5A
VP_SYS_VS_Systick.Signal=SYS_VS_Systick
PA10.Signal=USART1_RX
VP_RTC_VS_RTC_Calendar.Mode=RTC_Calendar
PCC.Checker=false
PCC.Seq0.Step0.Duration=1 ms
PCC.Seq0.Step1.DMIPS=0.0
RCC.APB1TimFreq_Value=48000000
PCC.Seq0.Step0.Peripherals=
TIM16.Prescaler=48
PCC.Seq0.Step1.Mode=STOP
NVIC.TIM15_IRQn=true\:0\:0\:false\:false\:true\:true\:true
ProjectManager.CustomerFirmwarePackage=
PB3.Locked=true
PCC.Seq0.Step1.CPU_Frequency=0 Hz
PCC.Seq0.Step1.Memory=n/a
PA2.Locked=true
PB3.GPIO_Label=RADIO_SEND
VP_RTC_VS_RTC_Activate.Signal=RTC_VS_RTC_Activate
PCC.Seq0.Step0.Category=In DS Table
ProjectManager.ProjectFileName=F0.ioc
PA10.Mode=Asynchronous
Mcu.PinsNb=15
PCC.Seq0.Step0.Average_Current=12.2 mA
PCC.Vdd=3.6
ProjectManager.NoMain=false
PA9.GPIO_Label=USART_TX
ProjectManager.DefaultFWLocation=true
VP_TIM16_VS_ClockSourceINT.Mode=Enable_Timer
NVIC.TIM16_IRQn=true\:0\:0\:false\:false\:true\:true\:true
ProjectManager.DeletePrevious=true
PCC.Line=STM32F0x0 Value Line
RCC.FamilyName=M
USART1.VirtualMode-Asynchronous=VM_ASYNC
PA13.Signal=SYS_SWDIO
PCC.Seq0.Step0.TaMax=102.58
PCC.MCU=STM32F030C8Tx
PA9.Mode=Asynchronous
ProjectManager.TargetToolchain=STM32CubeIDE
PCC.Seq0.Step1.User's_Consumption=0 mA
PCC.Seq0.Step0.Mode=RUN
PB7.GPIOParameters=GPIO_Label
PB2.GPIOParameters=GPIO_Speed,GPIO_Label
PA9.Signal=USART1_TX
I2C1.Timing=0x20303E5D
ProjectManager.RegisterCallBack=
TIM15.IPParameters=Prescaler,Period
PB1.Locked=true
board=custom
PCC.Temperature=25
ProjectManager.LastFirmware=true
TIM16.Period=9
PCC.Seq0.Step0.Frequency=8 MHz
PCC.Seq0.Step0.Vcore=No Scale
MxCube.Version=6.2.1
RCC.I2C1Freq_Value=48000000
PA10.GPIOParameters=GPIO_Label
VP_SYS_VS_Systick.Mode=SysTick
RCC.I2c1ClockSelection=RCC_I2C1CLKSOURCE_SYSCLK
VP_TIM16_VS_ClockSourceINT.Signal=TIM16_VS_ClockSourceINT
NVIC.NonMaskableInt_IRQn=true\:0\:0\:false\:false\:true\:false\:false
PA13.Mode=Serial_Wire
ProjectManager.FreePins=true
RCC.IPParameters=AHBFreq_Value,APB1Freq_Value,APB1TimFreq_Value,FCLKCortexFreq_Value,FamilyName,HCLKFreq_Value,I2C1Freq_Value,I2c1ClockSelection,MCOFreq_Value,PLLCLKFreq_Value,PLLMCOFreq_Value,PLLMUL,SYSCLKFreq_VALUE,SYSCLKSource,TimSysFreq_Value,USART1Freq_Value
ProjectManager.AskForMigrate=true
Mcu.Name=STM32F030C8Tx
PA13.GPIO_Label=SWD_IO
PA2.Signal=GPIO_Output
ProjectManager.UnderRoot=true
PB2.Locked=true
Mcu.IP6=TIM16
Mcu.IP7=USART1
ProjectManager.CoupleFile=true
PCC.Seq0.Step0.Memory=FLASH
PB3.Signal=GPIO_Output
RCC.SYSCLKFreq_VALUE=48000000
RCC.TimSysFreq_Value=48000000
NVIC.ForceEnableDMAVector=true
KeepUserPlacement=false
PA14.GPIOParameters=GPIO_Label
ProjectManager.CompilerOptimize=6
PB7.Mode=I2C
VP_TIM15_VS_ClockSourceINT.Mode=Internal
PA14.Signal=SYS_SWCLK
PB2.GPIO_Label=LED_GREEN
ProjectManager.HeapSize=0x200
NVIC.HardFault_IRQn=true\:0\:0\:false\:false\:true\:false\:false
Mcu.Pin13=VP_TIM15_VS_ClockSourceINT
Mcu.Pin14=VP_TIM16_VS_ClockSourceINT
ProjectManager.ComputerToolchain=false
PCC.Seq0.Step1.Frequency=0 Hz
Mcu.Pin11=VP_RTC_VS_RTC_Calendar
Mcu.Pin12=VP_SYS_VS_Systick
Mcu.Pin10=VP_RTC_VS_RTC_Activate
PCC.Seq0.Step1.Peripherals=
PCC.Seq0.Step1.Vcore=No Scale
TIM16.IPParameters=Prescaler,Period
PCC.Seq0.Step1.Voltage_Source=Battery
PCC.Seq0.Step0.Vdd=3.6
PCC.Seq0=2
RCC.APB1Freq_Value=48000000
ProjectManager.DeviceId=STM32F030C8Tx
ProjectManager.LibraryCopy=1
PB1.GPIOParameters=GPIO_Label
isbadioc=false
