#MicroXplorer Configuration settings - do not modify
Mcu.Family=STM32F0
VP_RTC_VS_RTC_Activate.Signal=RTC_VS_RTC_Activate
PCC.Battery.Capacity=150.0
ProjectManager.MainLocation=Core/Src
PCC.Seq0.Step0.Category=In DS Table
RCC.MCOFreq_Value=48000000
PCC.Series=STM32F0
PCC.Battery.MaxContinuous=200.0
RCC.USART1Freq_Value=48000000
ProjectManager.ProjectFileName=F0SensorBoard.ioc
ProjectManager.KeepUserCode=true
PA10.Mode=Asynchronous
Mcu.UserName=STM32F030C8Tx
Mcu.PinsNb=13
PCC.Seq0.Step0.Average_Current=12.2 mA
PCC.Vdd=3.6
ProjectManager.NoMain=false
PCC.Seq0.Step0.CPU_Frequency=24 MHz
USART1.BaudRate=115200
PCC.Seq0.Step0.User's_Consumption=0 mA
RCC.PLLCLKFreq_Value=48000000
ProjectManager.functionlistsort=1-MX_GPIO_Init-GPIO-false-HAL-true,2-SystemClock_Config-RCC-false-HAL-false,3-MX_I2C1_Init-I2C1-false-HAL-true,4-MX_USART1_UART_Init-USART1-false-HAL-true
PCC.Battery=Battery_29
VP_RTC_VS_RTC_Activate.Mode=RTC_Enabled
ProjectManager.DefaultFWLocation=true
VP_RTC_VS_RTC_Calendar.Signal=RTC_VS_RTC_Calendar
NVIC.SVC_IRQn=true\:0\:0\:false\:false\:true\:false\:false
ProjectManager.DeletePrevious=true
PCC.Line=STM32F0x0 Value Line
USART1.IPParameters=VirtualMode-Asynchronous,BaudRate
PCC.Seq0.Step1.Duration=0 ms
PinOutPanel.RotationAngle=0
PCC.Battery.InParallel=2
RCC.FamilyName=M
RCC.SYSCLKSource=RCC_SYSCLKSOURCE_PLLCLK
ProjectManager.StackSize=0x400
USART1.VirtualMode-Asynchronous=VM_ASYNC
PA13.Signal=SYS_SWDIO
Mcu.IP4=SYS
RCC.FCLKCortexFreq_Value=48000000
Mcu.IP5=USART1
Mcu.IP2=RCC
I2C1.IPParameters=Timing
PCC.Seq0.Step1.Oscillator=Regulator_LP
Mcu.IP3=RTC
PCC.Seq0.Step0.TaMax=102.58
Mcu.IP0=I2C1
PCC.MCU=STM32F030C8Tx
Mcu.IP1=NVIC
PA9.Mode=Asynchronous
VP_SYS_VS_tim3.Mode=TIM3
PCC.PartNumber=STM32F030C8Tx
Mcu.UserConstants=
ProjectManager.TargetToolchain=STM32CubeIDE
PCC.Seq0.Step1.User's_Consumption=0 mA
Mcu.ThirdPartyNb=0
PCC.Seq0.Step0.Mode=RUN
RCC.HCLKFreq_Value=48000000
Mcu.IPNb=6
ProjectManager.PreviousToolchain=
PA9.Signal=USART1_TX
PB6.Signal=I2C1_SCL
I2C1.Timing=0x20303E5D
PCC.Seq0.Step1.TaMax=105
PB6.Mode=I2C
Mcu.Pin6=PA14
Mcu.Pin7=PB3
ProjectManager.RegisterCallBack=
Mcu.Pin8=PB6
Mcu.Pin9=PB7
PCC.Seq0.Step1.Category=In DS Table
RCC.AHBFreq_Value=48000000
Mcu.Pin0=PA2
PB1.Locked=true
Mcu.Pin1=PB1
Mcu.Pin2=PB2
Mcu.Pin3=PA9
Mcu.Pin4=PA10
Mcu.Pin5=PA13
ProjectManager.ProjectBuild=false
PCC.Seq0.Step1.Vdd=3.6
PB2.Signal=GPIO_Output
board=custom
PCC.Seq0.Step0.Voltage_Source=Battery
PCC.Temperature=25
PCC.Seq0.Step0.DMIPS=0.0
NVIC.SysTick_IRQn=true\:0\:0\:false\:false\:true\:false\:true
ProjectManager.LastFirmware=true
RCC.PLLMUL=RCC_PLL_MUL12
NVIC.TIM3_IRQn=true\:0\:0\:false\:false\:true\:false\:true
PCC.Battery.NominalVoltage=3.7
ProjectManager.FirmwarePackage=STM32Cube FW_F0 V1.11.2
MxDb.Version=DB.6.0.21
PCC.Seq0.Step0.Frequency=8 MHz
ProjectManager.BackupPrevious=true
PCC.Seq0.Step0.Vcore=No Scale
PCC.Battery.InSeries=1
PCC.Battery.SelfDischarge=0.08
MxCube.Version=6.2.1
RCC.I2C1Freq_Value=48000000
VP_SYS_VS_tim3.Signal=SYS_VS_tim3
PA14.Mode=Serial_Wire
File.Version=6
RCC.I2c1ClockSelection=RCC_I2C1CLKSOURCE_SYSCLK
PCC.Battery.MaxPulseCurrent=30000.0
PB7.Signal=I2C1_SDA
NVIC.NonMaskableInt_IRQn=true\:0\:0\:false\:false\:true\:false\:false
NVIC.PendSV_IRQn=true\:0\:0\:false\:false\:true\:false\:false
PA13.Mode=Serial_Wire
ProjectManager.FreePins=false
RCC.IPParameters=AHBFreq_Value,APB1Freq_Value,APB1TimFreq_Value,FCLKCortexFreq_Value,FamilyName,HCLKFreq_Value,I2C1Freq_Value,I2c1ClockSelection,MCOFreq_Value,PLLCLKFreq_Value,PLLMCOFreq_Value,PLLMUL,SYSCLKFreq_VALUE,SYSCLKSource,TimSysFreq_Value,USART1Freq_Value
ProjectManager.AskForMigrate=true
Mcu.Name=STM32F030C8Tx
ProjectManager.HalAssertFull=false
PA2.Signal=GPIO_Output
ProjectManager.ProjectName=F0SensorBoard
ProjectManager.UnderRoot=true
PB2.Locked=true
RCC.PLLMCOFreq_Value=24000000
ProjectManager.CoupleFile=true
PCC.Seq0.Step0.Memory=FLASH
PB3.Signal=GPIO_Output
PCC.Seq0.Step0.Oscillator=HSI PLL All IPs ON
RCC.SYSCLKFreq_VALUE=48000000
Mcu.Package=LQFP48
PB1.Signal=GPIO_Input
RCC.TimSysFreq_Value=48000000
NVIC.TimeBase=TIM3_IRQn
NVIC.ForceEnableDMAVector=true
KeepUserPlacement=false
ProjectManager.CompilerOptimize=6
ProjectManager.ToolChainLocation=
PCC.Seq0.Step1.Average_Current=7.9 \u00B5A
PB7.Mode=I2C
NVIC.TimeBaseIP=TIM3
VP_RTC_VS_RTC_Calendar.Mode=RTC_Calendar
PA14.Signal=SYS_SWCLK
PA10.Signal=USART1_RX
ProjectManager.HeapSize=0x200
NVIC.HardFault_IRQn=true\:0\:0\:false\:false\:true\:false\:false
PCC.Checker=false
ProjectManager.ComputerToolchain=false
PCC.Seq0.Step1.Frequency=0 Hz
PCC.Seq0.Step0.Duration=1 ms
PCC.Battery.Compatibility=Yes
PCC.Seq0.Step1.DMIPS=0.0
Mcu.Pin11=VP_RTC_VS_RTC_Calendar
Mcu.Pin12=VP_SYS_VS_tim3
Mcu.Pin10=VP_RTC_VS_RTC_Activate
RCC.APB1TimFreq_Value=48000000
PCC.Seq0.Step1.Peripherals=
PCC.Seq0.Step1.Vcore=No Scale
PCC.Seq0.Step0.Peripherals=
PCC.Seq0.Step1.Voltage_Source=Battery
PCC.Seq0.Step0.Vdd=3.6
PCC.Seq0=2
RCC.APB1Freq_Value=48000000
PCC.Seq0.Step1.Mode=STOP
ProjectManager.CustomerFirmwarePackage=
ProjectManager.DeviceId=STM32F030C8Tx
ProjectManager.LibraryCopy=1
PB3.Locked=true
PCC.Seq0.Step1.CPU_Frequency=0 Hz
PCC.Seq0.Step1.Memory=n/a
PA2.Locked=true
isbadioc=false
